<?xml version="1.0" encoding="utf-8"?>
<Project xmlns="http://schemas.microsoft.com/developer/msbuild/2003">
  <ItemGroup>
    <Filter Include="Form Files">
      <UniqueIdentifier>{99349809-55BA-4b9d-BF79-8FDBB0286EB3}</UniqueIdentifier>
      <Extensions>ui</Extensions>
      <ParseFiles>false</ParseFiles>
    </Filter>
    <Filter Include="Form Files">
      <UniqueIdentifier>{99349809-55BA-4b9d-BF79-8FDBB0286EB3}</UniqueIdentifier>
      <Extensions>ui</Extensions>
      <ParseFiles>false</ParseFiles>
    </Filter>
    <Filter Include="Generated Files">
      <UniqueIdentifier>{71ED8ED8-ACB9-4CE9-BBE1-E00B30144E11}</UniqueIdentifier>
      <Extensions>cpp;c;cxx;moc;h;def;odl;idl;res;</Extensions>
    </Filter>
    <Filter Include="Generated Files">
      <UniqueIdentifier>{71ED8ED8-ACB9-4CE9-BBE1-E00B30144E11}</UniqueIdentifier>
      <Extensions>cpp;c;cxx;moc;h;def;odl;idl;res;</Extensions>
    </Filter>
    <Filter Include="Header Files">
      <UniqueIdentifier>{93995380-89BD-4b04-88EB-625FBE52EBFB}</UniqueIdentifier>
      <Extensions>h;hpp;hxx;hm;inl;inc;xsd</Extensions>
    </Filter>
    <Filter Include="Header Files">
      <UniqueIdentifier>{93995380-89BD-4b04-88EB-625FBE52EBFB}</UniqueIdentifier>
      <Extensions>h;hpp;hxx;hm;inl;inc;xsd</Extensions>
    </Filter>
    <Filter Include="Resource Files">
      <UniqueIdentifier>{D9D6E242-F8AF-46E4-B9FD-80ECBC20BA3E}</UniqueIdentifier>
      <Extensions>qrc;*</Extensions>
      <ParseFiles>false</ParseFiles>
    </Filter>
    <Filter Include="Resource Files">
      <UniqueIdentifier>{D9D6E242-F8AF-46E4-B9FD-80ECBC20BA3E}</UniqueIdentifier>
      <Extensions>qrc;*</Extensions>
      <ParseFiles>false</ParseFiles>
    </Filter>
    <Filter Include="Source Files">
      <UniqueIdentifier>{4FC737F1-C7A5-4376-A066-2A32D752A2FF}</UniqueIdentifier>
      <Extensions>cpp;c;cxx;def;odl;idl;hpj;bat;asm;asmx</Extensions>
    </Filter>
    <Filter Include="Source Files">
      <UniqueIdentifier>{4FC737F1-C7A5-4376-A066-2A32D752A2FF}</UniqueIdentifier>
      <Extensions>cpp;c;cxx;def;odl;idl;hpj;bat;asm;asmx</Extensions>
    </Filter>
    <Filter Include="Translation Files">
      <UniqueIdentifier>{639EADAA-A684-42e4-A9AD-28FC9BCB8F7C}</UniqueIdentifier>
      <Extensions>ts;xlf</Extensions>
      <ParseFiles>false</ParseFiles>
    </Filter>
    <Filter Include="Translation Files">
      <UniqueIdentifier>{639EADAA-A684-42e4-A9AD-28FC9BCB8F7C}</UniqueIdentifier>
      <Extensions>ts;xlf</Extensions>
      <ParseFiles>false</ParseFiles>
    </Filter>
    <Filter Include="Distribution Files">
      <UniqueIdentifier>{B83CAF91-C7BF-462F-B76C-EA11631F866C}</UniqueIdentifier>
      <Extensions>*</Extensions>
      <ParseFiles>false</ParseFiles>
    </Filter>
    <Filter Include="Distribution Files">
      <UniqueIdentifier>{B83CAF91-C7BF-462F-B76C-EA11631F866C}</UniqueIdentifier>
      <Extensions>*</Extensions>
      <ParseFiles>false</ParseFiles>
    </Filter>
  </ItemGroup>
  <ItemGroup>
    <ClCompile Include="YangRtcWrapper.cpp">
      <Filter>Source Files</Filter>
    </ClCompile>
    <ClCompile Include="adduseritem.cpp">
      <Filter>Source Files</Filter>
    </ClCompile>
    <ClCompile Include="applyfriend.cpp">
      <Filter>Source Files</Filter>
    </ClCompile>
    <ClCompile Include="applyfrienditem.cpp">
      <Filter>Source Files</Filter>
    </ClCompile>
    <ClCompile Include="applyfriendlist.cpp">
      <Filter>Source Files</Filter>
    </ClCompile>
    <ClCompile Include="applyfriendpage.cpp">
      <Filter>Source Files</Filter>
    </ClCompile>
    <ClCompile Include="authenfriend.cpp">
      <Filter>Source Files</Filter>
    </ClCompile>
    <ClCompile Include="bubbleframe.cpp">
      <Filter>Source Files</Filter>
    </ClCompile>
    <ClCompile Include="chatdialog.cpp">
      <Filter>Source Files</Filter>
    </ClCompile>
    <ClCompile Include="chatitembase.cpp">
      <Filter>Source Files</Filter>
    </ClCompile>
    <ClCompile Include="chatpage.cpp">
      <Filter>Source Files</Filter>
    </ClCompile>
    <ClCompile Include="chatuserlist.cpp">
      <Filter>Source Files</Filter>
    </ClCompile>
    <ClCompile Include="chatuserwid.cpp">
      <Filter>Source Files</Filter>
    </ClCompile>
    <ClCompile Include="chatview.cpp">
      <Filter>Source Files</Filter>
    </ClCompile>
    <ClCompile Include="clickablelabel.cpp">
      <Filter>Source Files</Filter>
    </ClCompile>
    <ClCompile Include="clickedbtn.cpp">
      <Filter>Source Files</Filter>
    </ClCompile>
    <ClCompile Include="clickedlabel.cpp">
      <Filter>Source Files</Filter>
    </ClCompile>
    <ClCompile Include="clickedoncelabel.cpp">
      <Filter>Source Files</Filter>
    </ClCompile>
    <ClCompile Include="contactuserlist.cpp">
      <Filter>Source Files</Filter>
    </ClCompile>
    <ClCompile Include="conuseritem.cpp">
      <Filter>Source Files</Filter>
    </ClCompile>
    <ClCompile Include="customizeedit.cpp">
      <Filter>Source Files</Filter>
    </ClCompile>
    <ClCompile Include="cute_pet_widget.cpp">
      <Filter>Source Files</Filter>
    </ClCompile>
    <ClCompile Include="filetcpmgr.cpp">
      <Filter>Source Files</Filter>
    </ClCompile>
    <ClCompile Include="findfaildlg.cpp">
      <Filter>Source Files</Filter>
    </ClCompile>
    <ClCompile Include="findsuccessdialog.cpp">
      <Filter>Source Files</Filter>
    </ClCompile>
    <ClCompile Include="friendinfopage.cpp">
      <Filter>Source Files</Filter>
    </ClCompile>
    <ClCompile Include="friendlabel.cpp">
      <Filter>Source Files</Filter>
    </ClCompile>
    <ClCompile Include="global.cpp">
      <Filter>Source Files</Filter>
    </ClCompile>
    <ClCompile Include="grouptipitem.cpp">
      <Filter>Source Files</Filter>
    </ClCompile>
    <ClCompile Include="httpmgr.cpp">
      <Filter>Source Files</Filter>
    </ClCompile>
    <ClCompile Include="imagecropperlabel.cpp">
      <Filter>Source Files</Filter>
    </ClCompile>
    <ClCompile Include="incomingcalldialog.cpp">
      <Filter>Source Files</Filter>
    </ClCompile>
    <ClCompile Include="listitembase.cpp">
      <Filter>Source Files</Filter>
    </ClCompile>
    <ClCompile Include="loadingdialog.cpp">
      <Filter>Source Files</Filter>
    </ClCompile>
    <ClCompile Include="logindialog.cpp">
      <Filter>Source Files</Filter>
    </ClCompile>
    <ClCompile Include="main.cpp">
      <Filter>Source Files</Filter>
    </ClCompile>
    <ClCompile Include="mainwindow.cpp">
      <Filter>Source Files</Filter>
    </ClCompile>
    <ClCompile Include="messagetextedit.cpp">
      <Filter>Source Files</Filter>
    </ClCompile>
    <ClCompile Include="picturebubble.cpp">
      <Filter>Source Files</Filter>
    </ClCompile>
    <ClCompile Include="qvideooutputwidget.cpp">
      <Filter>Source Files</Filter>
    </ClCompile>
    <ClCompile Include="registerdialog.cpp">
      <Filter>Source Files</Filter>
    </ClCompile>
    <ClCompile Include="resetdialog.cpp">
      <Filter>Source Files</Filter>
    </ClCompile>
    <ClCompile Include="searchlist.cpp">
      <Filter>Source Files</Filter>
    </ClCompile>
    <ClCompile Include="statewidget.cpp">
      <Filter>Source Files</Filter>
    </ClCompile>
    <ClCompile Include="tcpmgr.cpp">
      <Filter>Source Files</Filter>
    </ClCompile>
    <ClCompile Include="textbubble.cpp">
      <Filter>Source Files</Filter>
    </ClCompile>
    <ClCompile Include="timerbtn.cpp">
      <Filter>Source Files</Filter>
    </ClCompile>
    <ClCompile Include="titlebar.cpp">
      <Filter>Source Files</Filter>
    </ClCompile>
    <ClCompile Include="userdata.cpp">
      <Filter>Source Files</Filter>
    </ClCompile>
    <ClCompile Include="userinfopage.cpp">
      <Filter>Source Files</Filter>
    </ClCompile>
    <ClCompile Include="usermgr.cpp">
      <Filter>Source Files</Filter>
    </ClCompile>
    <ClCompile Include="videocallmanager.cpp">
      <Filter>Source Files</Filter>
    </ClCompile>
    <ClCompile Include="videocallwindow.cpp">
      <Filter>Source Files</Filter>
    </ClCompile>
  </ItemGroup>
  <ItemGroup>
    <CustomBuild Include="YangRtcWrapper.h">
      <Filter>Header Files</Filter>
    </CustomBuild>
    <CustomBuild Include="adduseritem.h">
      <Filter>Header Files</Filter>
    </CustomBuild>
    <CustomBuild Include="applyfriend.h">
      <Filter>Header Files</Filter>
    </CustomBuild>
    <CustomBuild Include="applyfrienditem.h">
      <Filter>Header Files</Filter>
    </CustomBuild>
    <CustomBuild Include="applyfriendlist.h">
      <Filter>Header Files</Filter>
    </CustomBuild>
    <CustomBuild Include="applyfriendpage.h">
      <Filter>Header Files</Filter>
    </CustomBuild>
    <CustomBuild Include="authenfriend.h">
      <Filter>Header Files</Filter>
    </CustomBuild>
    <CustomBuild Include="bubbleframe.h">
      <Filter>Header Files</Filter>
    </CustomBuild>
    <CustomBuild Include="chatdialog.h">
      <Filter>Header Files</Filter>
    </CustomBuild>
    <CustomBuild Include="chatitembase.h">
      <Filter>Header Files</Filter>
    </CustomBuild>
    <CustomBuild Include="chatpage.h">
      <Filter>Header Files</Filter>
    </CustomBuild>
    <CustomBuild Include="chatuserlist.h">
      <Filter>Header Files</Filter>
    </CustomBuild>
    <CustomBuild Include="chatuserwid.h">
      <Filter>Header Files</Filter>
    </CustomBuild>
    <CustomBuild Include="chatview.h">
      <Filter>Header Files</Filter>
    </CustomBuild>
    <CustomBuild Include="clickablelabel.h">
      <Filter>Header Files</Filter>
    </CustomBuild>
    <CustomBuild Include="clickedbtn.h">
      <Filter>Header Files</Filter>
    </CustomBuild>
    <CustomBuild Include="clickedlabel.h">
      <Filter>Header Files</Filter>
    </CustomBuild>
    <CustomBuild Include="clickedoncelabel.h">
      <Filter>Header Files</Filter>
    </CustomBuild>
    <CustomBuild Include="contactuserlist.h">
      <Filter>Header Files</Filter>
    </CustomBuild>
    <CustomBuild Include="conuseritem.h">
      <Filter>Header Files</Filter>
    </CustomBuild>
    <CustomBuild Include="customizeedit.h">
      <Filter>Header Files</Filter>
    </CustomBuild>
    <CustomBuild Include="cute_pet_widget.h">
      <Filter>Header Files</Filter>
    </CustomBuild>
    <CustomBuild Include="filetcpmgr.h">
      <Filter>Header Files</Filter>
    </CustomBuild>
    <CustomBuild Include="findfaildlg.h">
      <Filter>Header Files</Filter>
    </CustomBuild>
    <CustomBuild Include="findsuccessdialog.h">
      <Filter>Header Files</Filter>
    </CustomBuild>
    <CustomBuild Include="friendinfopage.h">
      <Filter>Header Files</Filter>
    </CustomBuild>
    <CustomBuild Include="friendlabel.h">
      <Filter>Header Files</Filter>
    </CustomBuild>
    <ClInclude Include="global.h">
      <Filter>Header Files</Filter>
    </ClInclude>
    <CustomBuild Include="grouptipitem.h">
      <Filter>Header Files</Filter>
    </CustomBuild>
    <CustomBuild Include="httpmgr.h">
      <Filter>Header Files</Filter>
    </CustomBuild>
    <CustomBuild Include="imagecropperdialog.h">
      <Filter>Header Files</Filter>
    </CustomBuild>
    <CustomBuild Include="imagecropperlabel.h">
      <Filter>Header Files</Filter>
    </CustomBuild>
    <CustomBuild Include="incomingcalldialog.h">
      <Filter>Header Files</Filter>
    </CustomBuild>
    <CustomBuild Include="listitembase.h">
      <Filter>Header Files</Filter>
    </CustomBuild>
    <CustomBuild Include="loadingdialog.h">
      <Filter>Header Files</Filter>
    </CustomBuild>
    <CustomBuild Include="logindialog.h">
      <Filter>Header Files</Filter>
    </CustomBuild>
    <CustomBuild Include="mainwindow.h">
      <Filter>Header Files</Filter>
    </CustomBuild>
    <CustomBuild Include="messagetextedit.h">
      <Filter>Header Files</Filter>
    </CustomBuild>
    <CustomBuild Include="picturebubble.h">
      <Filter>Header Files</Filter>
    </CustomBuild>
    <CustomBuild Include="qvideooutputwidget.h">
      <Filter>Header Files</Filter>
    </CustomBuild>
    <CustomBuild Include="registerdialog.h">
      <Filter>Header Files</Filter>
    </CustomBuild>
    <CustomBuild Include="resetdialog.h">
      <Filter>Header Files</Filter>
    </CustomBuild>
    <CustomBuild Include="searchlist.h">
      <Filter>Header Files</Filter>
    </CustomBuild>
    <ClInclude Include="singleton.h">
      <Filter>Header Files</Filter>
    </ClInclude>
    <CustomBuild Include="statewidget.h">
      <Filter>Header Files</Filter>
    </CustomBuild>
    <CustomBuild Include="tcpmgr.h">
      <Filter>Header Files</Filter>
    </CustomBuild>
    <ClInclude Include="textbubble.h">
      <Filter>Header Files</Filter>
    </ClInclude>
    <ClInclude Include="timerbtn.h">
      <Filter>Header Files</Filter>
    </ClInclude>
    <CustomBuild Include="titlebar.h">
      <Filter>Header Files</Filter>
    </CustomBuild>
    <ClInclude Include="userdata.h">
      <Filter>Header Files</Filter>
    </ClInclude>
    <CustomBuild Include="userinfopage.h">
      <Filter>Header Files</Filter>
    </CustomBuild>
    <CustomBuild Include="usermgr.h">
      <Filter>Header Files</Filter>
    </CustomBuild>
    <CustomBuild Include="videocallmanager.h">
      <Filter>Header Files</Filter>
    </CustomBuild>
    <CustomBuild Include="videocallwindow.h">
      <Filter>Header Files</Filter>
    </CustomBuild>
  </ItemGroup>
  <ItemGroup>
    <ClCompile Include="debug\moc_YangRtcWrapper.cpp">
      <Filter>Generated Files</Filter>
    </ClCompile>
    <ClCompile Include="release\moc_YangRtcWrapper.cpp">
      <Filter>Generated Files</Filter>
    </ClCompile>
    <ClCompile Include="debug\moc_adduseritem.cpp">
      <Filter>Generated Files</Filter>
    </ClCompile>
    <ClCompile Include="release\moc_adduseritem.cpp">
      <Filter>Generated Files</Filter>
    </ClCompile>
    <ClCompile Include="debug\moc_applyfriend.cpp">
      <Filter>Generated Files</Filter>
    </ClCompile>
    <ClCompile Include="release\moc_applyfriend.cpp">
      <Filter>Generated Files</Filter>
    </ClCompile>
    <ClCompile Include="debug\moc_applyfrienditem.cpp">
      <Filter>Generated Files</Filter>
    </ClCompile>
    <ClCompile Include="release\moc_applyfrienditem.cpp">
      <Filter>Generated Files</Filter>
    </ClCompile>
    <ClCompile Include="debug\moc_applyfriendlist.cpp">
      <Filter>Generated Files</Filter>
    </ClCompile>
    <ClCompile Include="release\moc_applyfriendlist.cpp">
      <Filter>Generated Files</Filter>
    </ClCompile>
    <ClCompile Include="debug\moc_applyfriendpage.cpp">
      <Filter>Generated Files</Filter>
    </ClCompile>
    <ClCompile Include="release\moc_applyfriendpage.cpp">
      <Filter>Generated Files</Filter>
    </ClCompile>
    <ClCompile Include="debug\moc_authenfriend.cpp">
      <Filter>Generated Files</Filter>
    </ClCompile>
    <ClCompile Include="release\moc_authenfriend.cpp">
      <Filter>Generated Files</Filter>
    </ClCompile>
    <ClCompile Include="debug\moc_bubbleframe.cpp">
      <Filter>Generated Files</Filter>
    </ClCompile>
    <ClCompile Include="release\moc_bubbleframe.cpp">
      <Filter>Generated Files</Filter>
    </ClCompile>
    <ClCompile Include="debug\moc_chatdialog.cpp">
      <Filter>Generated Files</Filter>
    </ClCompile>
    <ClCompile Include="release\moc_chatdialog.cpp">
      <Filter>Generated Files</Filter>
    </ClCompile>
    <ClCompile Include="debug\moc_chatitembase.cpp">
      <Filter>Generated Files</Filter>
    </ClCompile>
    <ClCompile Include="release\moc_chatitembase.cpp">
      <Filter>Generated Files</Filter>
    </ClCompile>
    <ClCompile Include="debug\moc_chatpage.cpp">
      <Filter>Generated Files</Filter>
    </ClCompile>
    <ClCompile Include="release\moc_chatpage.cpp">
      <Filter>Generated Files</Filter>
    </ClCompile>
    <ClCompile Include="debug\moc_chatuserlist.cpp">
      <Filter>Generated Files</Filter>
    </ClCompile>
    <ClCompile Include="release\moc_chatuserlist.cpp">
      <Filter>Generated Files</Filter>
    </ClCompile>
    <ClCompile Include="debug\moc_chatuserwid.cpp">
      <Filter>Generated Files</Filter>
    </ClCompile>
    <ClCompile Include="release\moc_chatuserwid.cpp">
      <Filter>Generated Files</Filter>
    </ClCompile>
    <ClCompile Include="debug\moc_chatview.cpp">
      <Filter>Generated Files</Filter>
    </ClCompile>
    <ClCompile Include="release\moc_chatview.cpp">
      <Filter>Generated Files</Filter>
    </ClCompile>
    <ClCompile Include="debug\moc_clickablelabel.cpp">
      <Filter>Generated Files</Filter>
    </ClCompile>
    <ClCompile Include="release\moc_clickablelabel.cpp">
      <Filter>Generated Files</Filter>
    </ClCompile>
    <ClCompile Include="debug\moc_clickedbtn.cpp">
      <Filter>Generated Files</Filter>
    </ClCompile>
    <ClCompile Include="release\moc_clickedbtn.cpp">
      <Filter>Generated Files</Filter>
    </ClCompile>
    <ClCompile Include="debug\moc_clickedlabel.cpp">
      <Filter>Generated Files</Filter>
    </ClCompile>
    <ClCompile Include="release\moc_clickedlabel.cpp">
      <Filter>Generated Files</Filter>
    </ClCompile>
    <ClCompile Include="debug\moc_clickedoncelabel.cpp">
      <Filter>Generated Files</Filter>
    </ClCompile>
    <ClCompile Include="release\moc_clickedoncelabel.cpp">
      <Filter>Generated Files</Filter>
    </ClCompile>
    <ClCompile Include="debug\moc_contactuserlist.cpp">
      <Filter>Generated Files</Filter>
    </ClCompile>
    <ClCompile Include="release\moc_contactuserlist.cpp">
      <Filter>Generated Files</Filter>
    </ClCompile>
    <ClCompile Include="debug\moc_conuseritem.cpp">
      <Filter>Generated Files</Filter>
    </ClCompile>
    <ClCompile Include="release\moc_conuseritem.cpp">
      <Filter>Generated Files</Filter>
    </ClCompile>
    <ClCompile Include="debug\moc_customizeedit.cpp">
      <Filter>Generated Files</Filter>
    </ClCompile>
    <ClCompile Include="release\moc_customizeedit.cpp">
      <Filter>Generated Files</Filter>
    </ClCompile>
    <ClCompile Include="debug\moc_cute_pet_widget.cpp">
      <Filter>Generated Files</Filter>
    </ClCompile>
    <ClCompile Include="release\moc_cute_pet_widget.cpp">
      <Filter>Generated Files</Filter>
    </ClCompile>
    <ClCompile Include="debug\moc_filetcpmgr.cpp">
      <Filter>Generated Files</Filter>
    </ClCompile>
    <ClCompile Include="release\moc_filetcpmgr.cpp">
      <Filter>Generated Files</Filter>
    </ClCompile>
    <ClCompile Include="debug\moc_findfaildlg.cpp">
      <Filter>Generated Files</Filter>
    </ClCompile>
    <ClCompile Include="release\moc_findfaildlg.cpp">
      <Filter>Generated Files</Filter>
    </ClCompile>
    <ClCompile Include="debug\moc_findsuccessdialog.cpp">
      <Filter>Generated Files</Filter>
    </ClCompile>
    <ClCompile Include="release\moc_findsuccessdialog.cpp">
      <Filter>Generated Files</Filter>
    </ClCompile>
    <ClCompile Include="debug\moc_friendinfopage.cpp">
      <Filter>Generated Files</Filter>
    </ClCompile>
    <ClCompile Include="release\moc_friendinfopage.cpp">
      <Filter>Generated Files</Filter>
    </ClCompile>
    <ClCompile Include="debug\moc_friendlabel.cpp">
      <Filter>Generated Files</Filter>
    </ClCompile>
    <ClCompile Include="release\moc_friendlabel.cpp">
      <Filter>Generated Files</Filter>
    </ClCompile>
    <ClCompile Include="debug\moc_grouptipitem.cpp">
      <Filter>Generated Files</Filter>
    </ClCompile>
    <ClCompile Include="release\moc_grouptipitem.cpp">
      <Filter>Generated Files</Filter>
    </ClCompile>
    <ClCompile Include="debug\moc_httpmgr.cpp">
      <Filter>Generated Files</Filter>
    </ClCompile>
    <ClCompile Include="release\moc_httpmgr.cpp">
      <Filter>Generated Files</Filter>
    </ClCompile>
    <ClCompile Include="debug\moc_imagecropperdialog.cpp">
      <Filter>Generated Files</Filter>
    </ClCompile>
    <ClCompile Include="release\moc_imagecropperdialog.cpp">
      <Filter>Generated Files</Filter>
    </ClCompile>
    <ClCompile Include="debug\moc_imagecropperlabel.cpp">
      <Filter>Generated Files</Filter>
    </ClCompile>
    <ClCompile Include="release\moc_imagecropperlabel.cpp">
      <Filter>Generated Files</Filter>
    </ClCompile>
    <ClCompile Include="debug\moc_incomingcalldialog.cpp">
      <Filter>Generated Files</Filter>
    </ClCompile>
    <ClCompile Include="release\moc_incomingcalldialog.cpp">
      <Filter>Generated Files</Filter>
    </ClCompile>
    <ClCompile Include="debug\moc_listitembase.cpp">
      <Filter>Generated Files</Filter>
    </ClCompile>
    <ClCompile Include="release\moc_listitembase.cpp">
      <Filter>Generated Files</Filter>
    </ClCompile>
    <ClCompile Include="debug\moc_loadingdialog.cpp">
      <Filter>Generated Files</Filter>
    </ClCompile>
    <ClCompile Include="release\moc_loadingdialog.cpp">
      <Filter>Generated Files</Filter>
    </ClCompile>
    <ClCompile Include="debug\moc_logindialog.cpp">
      <Filter>Generated Files</Filter>
    </ClCompile>
    <ClCompile Include="release\moc_logindialog.cpp">
      <Filter>Generated Files</Filter>
    </ClCompile>
    <ClCompile Include="debug\moc_mainwindow.cpp">
      <Filter>Generated Files</Filter>
    </ClCompile>
    <ClCompile Include="release\moc_mainwindow.cpp">
      <Filter>Generated Files</Filter>
    </ClCompile>
    <ClCompile Include="debug\moc_messagetextedit.cpp">
      <Filter>Generated Files</Filter>
    </ClCompile>
    <ClCompile Include="release\moc_messagetextedit.cpp">
      <Filter>Generated Files</Filter>
    </ClCompile>
    <ClCompile Include="debug\moc_picturebubble.cpp">
      <Filter>Generated Files</Filter>
    </ClCompile>
    <ClCompile Include="release\moc_picturebubble.cpp">
      <Filter>Generated Files</Filter>
    </ClCompile>
    <CustomBuild Include="debug\moc_predefs.h.cbt">
      <Filter>Generated Files</Filter>
    </CustomBuild>
    <CustomBuild Include="release\moc_predefs.h.cbt">
      <Filter>Generated Files</Filter>
    </CustomBuild>
    <ClCompile Include="debug\moc_qvideooutputwidget.cpp">
      <Filter>Generated Files</Filter>
    </ClCompile>
    <ClCompile Include="release\moc_qvideooutputwidget.cpp">
      <Filter>Generated Files</Filter>
    </ClCompile>
    <ClCompile Include="debug\moc_registerdialog.cpp">
      <Filter>Generated Files</Filter>
    </ClCompile>
    <ClCompile Include="release\moc_registerdialog.cpp">
      <Filter>Generated Files</Filter>
    </ClCompile>
    <ClCompile Include="debug\moc_resetdialog.cpp">
      <Filter>Generated Files</Filter>
    </ClCompile>
    <ClCompile Include="release\moc_resetdialog.cpp">
      <Filter>Generated Files</Filter>
    </ClCompile>
    <ClCompile Include="debug\moc_searchlist.cpp">
      <Filter>Generated Files</Filter>
    </ClCompile>
    <ClCompile Include="release\moc_searchlist.cpp">
      <Filter>Generated Files</Filter>
    </ClCompile>
    <ClCompile Include="debug\moc_statewidget.cpp">
      <Filter>Generated Files</Filter>
    </ClCompile>
    <ClCompile Include="release\moc_statewidget.cpp">
      <Filter>Generated Files</Filter>
    </ClCompile>
    <ClCompile Include="debug\moc_tcpmgr.cpp">
      <Filter>Generated Files</Filter>
    </ClCompile>
    <ClCompile Include="release\moc_tcpmgr.cpp">
      <Filter>Generated Files</Filter>
    </ClCompile>
    <ClCompile Include="debug\moc_titlebar.cpp">
      <Filter>Generated Files</Filter>
    </ClCompile>
    <ClCompile Include="release\moc_titlebar.cpp">
      <Filter>Generated Files</Filter>
    </ClCompile>
    <ClCompile Include="debug\moc_userinfopage.cpp">
      <Filter>Generated Files</Filter>
    </ClCompile>
    <ClCompile Include="release\moc_userinfopage.cpp">
      <Filter>Generated Files</Filter>
    </ClCompile>
    <ClCompile Include="debug\moc_usermgr.cpp">
      <Filter>Generated Files</Filter>
    </ClCompile>
    <ClCompile Include="release\moc_usermgr.cpp">
      <Filter>Generated Files</Filter>
    </ClCompile>
    <ClCompile Include="debug\moc_videocallmanager.cpp">
      <Filter>Generated Files</Filter>
    </ClCompile>
    <ClCompile Include="release\moc_videocallmanager.cpp">
      <Filter>Generated Files</Filter>
    </ClCompile>
    <ClCompile Include="debug\moc_videocallwindow.cpp">
      <Filter>Generated Files</Filter>
    </ClCompile>
    <ClCompile Include="release\moc_videocallwindow.cpp">
      <Filter>Generated Files</Filter>
    </ClCompile>
    <ClCompile Include="debug\qrc_qmake_qmake_qm_files.cpp">
      <Filter>Generated Files</Filter>
    </ClCompile>
    <ClCompile Include="release\qrc_qmake_qmake_qm_files.cpp">
      <Filter>Generated Files</Filter>
    </ClCompile>
    <ClCompile Include="debug\qrc_resources.cpp">
      <Filter>Generated Files</Filter>
    </ClCompile>
    <ClCompile Include="release\qrc_resources.cpp">
      <Filter>Generated Files</Filter>
    </ClCompile>
    <ClInclude Include="ui_adduseritem.h">
      <Filter>Generated Files</Filter>
    </ClInclude>
    <ClInclude Include="ui_applyfriend.h">
      <Filter>Generated Files</Filter>
    </ClInclude>
    <ClInclude Include="ui_applyfrienditem.h">
      <Filter>Generated Files</Filter>
    </ClInclude>
    <ClInclude Include="ui_applyfriendpage.h">
      <Filter>Generated Files</Filter>
    </ClInclude>
    <ClInclude Include="ui_authenfriend.h">
      <Filter>Generated Files</Filter>
    </ClInclude>
    <ClInclude Include="ui_chatdialog.h">
      <Filter>Generated Files</Filter>
    </ClInclude>
    <ClInclude Include="ui_chatpage.h">
      <Filter>Generated Files</Filter>
    </ClInclude>
    <ClInclude Include="ui_chatuserwid.h">
      <Filter>Generated Files</Filter>
    </ClInclude>
    <ClInclude Include="ui_conuseritem.h">
      <Filter>Generated Files</Filter>
    </ClInclude>
    <ClInclude Include="ui_findfaildlg.h">
      <Filter>Generated Files</Filter>
    </ClInclude>
    <ClInclude Include="ui_findsuccessdialog.h">
      <Filter>Generated Files</Filter>
    </ClInclude>
    <ClInclude Include="ui_friendinfopage.h">
      <Filter>Generated Files</Filter>
    </ClInclude>
    <ClInclude Include="ui_friendlabel.h">
      <Filter>Generated Files</Filter>
    </ClInclude>
    <ClInclude Include="ui_grouptipitem.h">
      <Filter>Generated Files</Filter>
    </ClInclude>
    <ClInclude Include="ui_loadingdialog.h">
      <Filter>Generated Files</Filter>
    </ClInclude>
    <ClInclude Include="ui_logindialog.h">
      <Filter>Generated Files</Filter>
    </ClInclude>
    <ClInclude Include="ui_mainwindow.h">
      <Filter>Generated Files</Filter>
    </ClInclude>
    <ClInclude Include="ui_registerdialog.h">
      <Filter>Generated Files</Filter>
    </ClInclude>
    <ClInclude Include="ui_resetdialog.h">
      <Filter>Generated Files</Filter>
    </ClInclude>
    <ClInclude Include="ui_userinfopage.h">
      <Filter>Generated Files</Filter>
    </ClInclude>
    <ClInclude Include="ui_videocallwindow.h">
      <Filter>Generated Files</Filter>
    </ClInclude>
    <ClInclude Include="ui_videocallwindow2.h">
      <Filter>Generated Files</Filter>
    </ClInclude>
  </ItemGroup>
  <ItemGroup>
    <CustomBuild Include="QChat_zh_CN.ts">
      <Filter>Translation Files</Filter>
    </CustomBuild>
  </ItemGroup>
  <ItemGroup>
    <CustomBuild Include="adduseritem.ui">
      <Filter>Form Files</Filter>
    </CustomBuild>
    <CustomBuild Include="applyfriend.ui">
      <Filter>Form Files</Filter>
    </CustomBuild>
    <CustomBuild Include="applyfrienditem.ui">
      <Filter>Form Files</Filter>
    </CustomBuild>
    <CustomBuild Include="applyfriendpage.ui">
      <Filter>Form Files</Filter>
    </CustomBuild>
    <CustomBuild Include="authenfriend.ui">
      <Filter>Form Files</Filter>
    </CustomBuild>
    <CustomBuild Include="chatdialog.ui">
      <Filter>Form Files</Filter>
    </CustomBuild>
    <CustomBuild Include="chatpage.ui">
      <Filter>Form Files</Filter>
    </CustomBuild>
    <CustomBuild Include="chatuserwid.ui">
      <Filter>Form Files</Filter>
    </CustomBuild>
    <CustomBuild Include="conuseritem.ui">
      <Filter>Form Files</Filter>
    </CustomBuild>
    <CustomBuild Include="findfaildlg.ui">
      <Filter>Form Files</Filter>
    </CustomBuild>
    <CustomBuild Include="findsuccessdialog.ui">
      <Filter>Form Files</Filter>
    </CustomBuild>
    <CustomBuild Include="friendinfopage.ui">
      <Filter>Form Files</Filter>
    </CustomBuild>
    <CustomBuild Include="friendlabel.ui">
      <Filter>Form Files</Filter>
    </CustomBuild>
    <CustomBuild Include="grouptipitem.ui">
      <Filter>Form Files</Filter>
    </CustomBuild>
    <CustomBuild Include="loadingdialog.ui">
      <Filter>Form Files</Filter>
    </CustomBuild>
    <CustomBuild Include="logindialog.ui">
      <Filter>Form Files</Filter>
    </CustomBuild>
    <CustomBuild Include="mainwindow.ui">
      <Filter>Form Files</Filter>
    </CustomBuild>
    <CustomBuild Include="registerdialog.ui">
      <Filter>Form Files</Filter>
    </CustomBuild>
    <CustomBuild Include="resetdialog.ui">
      <Filter>Form Files</Filter>
    </CustomBuild>
    <CustomBuild Include="userinfopage.ui">
      <Filter>Form Files</Filter>
    </CustomBuild>
    <CustomBuild Include="videocallwindow.ui">
      <Filter>Form Files</Filter>
    </CustomBuild>
    <CustomBuild Include="videocallwindow2.ui">
      <Filter>Form Files</Filter>
    </CustomBuild>
  </ItemGroup>
  <ItemGroup>
    <None Include="debug\QChat_zh_CN.qm">
      <Filter>Resource Files</Filter>
    </None>
    <None Include="release\QChat_zh_CN.qm">
      <Filter>Resource Files</Filter>
    </None>
    <None Include="images\add_friend.png">
      <Filter>Resource Files</Filter>
    </None>
    <None Include="images\add_friend_hover.png">
      <Filter>Resource Files</Filter>
    </None>
    <None Include="images\add_friend_normal.png">
      <Filter>Resource Files</Filter>
    </None>
    <None Include="images\arowdown.png">
      <Filter>Resource Files</Filter>
    </None>
    <None Include="images\close.png">
      <Filter>Resource Files</Filter>
    </None>
    <None Include="images\close2.png">
      <Filter>Resource Files</Filter>
    </None>
    <None Include="images\close_transparent.png">
      <Filter>Resource Files</Filter>
    </None>
    <None Include="images\conversation.png">
      <Filter>Resource Files</Filter>
    </None>
    <None Include="images\conversation_hover.png">
      <Filter>Resource Files</Filter>
    </None>
    <None Include="images\conversation_normal.png">
      <Filter>Resource Files</Filter>
    </None>
    <None Include="images\emo.png">
      <Filter>Resource Files</Filter>
    </None>
    <None Include="images\emo_hover.png">
      <Filter>Resource Files</Filter>
    </None>
    <None Include="images\emo_normal.png">
      <Filter>Resource Files</Filter>
    </None>
    <None Include="images\favicon.png">
      <Filter>Resource Files</Filter>
    </None>
    <None Include="images\file.png">
      <Filter>Resource Files</Filter>
    </None>
    <None Include="images\file_hover.png">
      <Filter>Resource Files</Filter>
    </None>
    <None Include="images\file_normal.png">
      <Filter>Resource Files</Filter>
    </None>
    <None Include="images\friend_list.png">
      <Filter>Resource Files</Filter>
    </None>
    <None Include="images\friend_list_hover.png">
      <Filter>Resource Files</Filter>
    </None>
    <None Include="images\friend_list_normal.png">
      <Filter>Resource Files</Filter>
    </None>
    <None Include="images\head_1.jpg">
      <Filter>Resource Files</Filter>
    </None>
    <None Include="images\head_2.jpg">
      <Filter>Resource Files</Filter>
    </None>
    <None Include="images\head_3.jpg">
      <Filter>Resource Files</Filter>
    </None>
    <None Include="images\head_4.jpg">
      <Filter>Resource Files</Filter>
    </None>
    <None Include="images\head_5.jpg">
      <Filter>Resource Files</Filter>
    </None>
    <None Include="images\head_default.png">
      <Filter>Resource Files</Filter>
    </None>
    <None Include="images\home.png">
      <Filter>Resource Files</Filter>
    </None>
    <None Include="images\label.png">
      <Filter>Resource Files</Filter>
    </None>
    <None Include="images\leave.png">
      <Filter>Resource Files</Filter>
    </None>
    <None Include="images\loading2.gif">
      <Filter>Resource Files</Filter>
    </None>
    <None Include="images\location.png">
      <Filter>Resource Files</Filter>
    </None>
    <None Include="images\material.png">
      <Filter>Resource Files</Filter>
    </None>
    <None Include="images\maxsize.png">
      <Filter>Resource Files</Filter>
    </None>
    <None Include="images\minsize.png">
      <Filter>Resource Files</Filter>
    </None>
    <None Include="images\msg_chat_hover.png">
      <Filter>Resource Files</Filter>
    </None>
    <None Include="images\msg_chat_normal.png">
      <Filter>Resource Files</Filter>
    </None>
    <None Include="images\msg_chat_press.png">
      <Filter>Resource Files</Filter>
    </None>
    <None Include="images\photo.png">
      <Filter>Resource Files</Filter>
    </None>
    <CustomBuild Include="debug\qmake_qmake_qm_files.qrc">
      <Filter>Resource Files</Filter>
    </CustomBuild>
    <CustomBuild Include="release\qmake_qmake_qm_files.qrc">
      <Filter>Resource Files</Filter>
    </CustomBuild>
    <None Include="images\readed.png">
      <Filter>Resource Files</Filter>
    </None>
    <None Include="images\red_point.png">
      <Filter>Resource Files</Filter>
    </None>
    <CustomBuild Include="resources.qrc">
      <Filter>Resource Files</Filter>
    </CustomBuild>
    <None Include="images\right_tip.png">
      <Filter>Resource Files</Filter>
    </None>
    <None Include="images\search.png">
      <Filter>Resource Files</Filter>
    </None>
    <None Include="images\send_fail.png">
      <Filter>Resource Files</Filter>
    </None>
    <None Include="images\setting_hover.png">
      <Filter>Resource Files</Filter>
    </None>
    <None Include="images\setting_normal.png">
      <Filter>Resource Files</Filter>
    </None>
    <None Include="images\setting_press.png">
      <Filter>Resource Files</Filter>
    </None>
    <None Include="images\shoot.png">
      <Filter>Resource Files</Filter>
    </None>
    <None Include="images\star.png">
      <Filter>Resource Files</Filter>
    </None>
    <None Include="style\stylesheet.qss">
      <Filter>Resource Files</Filter>
    </None>
    <None Include="images\text.png">
      <Filter>Resource Files</Filter>
    </None>
    <None Include="images\topic.png">
      <Filter>Resource Files</Filter>
    </None>
    <None Include="images\unread.png">
      <Filter>Resource Files</Filter>
    </None>
    <None Include="images\unvisible_black.png">
      <Filter>Resource Files</Filter>
    </None>
    <None Include="images\unvisible_blue.png">
      <Filter>Resource Files</Filter>
    </None>
    <None Include="images\video.png">
      <Filter>Resource Files</Filter>
    </None>
    <None Include="images\video_chat_hover.png">
      <Filter>Resource Files</Filter>
    </None>
    <None Include="images\video_chat_normal.png">
      <Filter>Resource Files</Filter>
    </None>
    <None Include="images\video_chat_press.png">
      <Filter>Resource Files</Filter>
    </None>
    <None Include="images\visible_black.png">
      <Filter>Resource Files</Filter>
    </None>
    <None Include="images\visible_blue.png">
      <Filter>Resource Files</Filter>
    </None>
    <None Include="images\voice.png">
      <Filter>Resource Files</Filter>
    </None>
    <None Include="images\voice_chat_hover.png">
      <Filter>Resource Files</Filter>
    </None>
    <None Include="images\voice_chat_normal.png">
      <Filter>Resource Files</Filter>
    </None>
    <None Include="images\voice_chat_press.png">
      <Filter>Resource Files</Filter>
    </None>
    <None Include="images\weather.png">
      <Filter>Resource Files</Filter>
    </None>
  </ItemGroup>
  <ItemGroup>
    <None Include="config.ini">
      <Filter>Distribution Files</Filter>
    </None>
    <None Include="favicon.ico">
      <Filter>Distribution Files</Filter>
    </None>
  </ItemGroup>
</Project>